
Microsoft Visual Studio Solution File, Format Version 12.00
# Visual Studio Version 16
VisualStudioVersion = 16.0.32106.194
MinimumVisualStudioVersion = 10.0.40219.1
Project("{FAE04EC0-301F-11D3-BF4B-00C04F79EFBC}") = "OOP 2022", "OOP 2022\OOP 2022.csproj", "{18A4F311-5CBE-4F6E-BED9-11F87C49951F}"
EndProject
Global
	GlobalSection(SolutionConfigurationPlatforms) = preSolution
		Debug|Any CPU = Debug|Any CPU
		Release|Any CPU = Release|Any CPU
	EndGlobalSection
	GlobalSection(ProjectConfigurationPlatforms) = postSolution
		{18A4F311-5CBE-4F6E-BED9-11F87C49951F}.Debug|Any CPU.ActiveCfg = Debug|Any CPU
		{18A4F311-5CBE-4F6E-BED9-11F87C49951F}.Debug|Any CPU.Build.0 = Debug|Any CPU
		{18A4F311-5CBE-4F6E-BED9-11F87C49951F}.Release|Any CPU.ActiveCfg = Release|Any CPU
		{18A4F311-5CBE-4F6E-BED9-11F87C49951F}.Release|Any CPU.Build.0 = Release|Any CPU
	EndGlobalSection
	GlobalSection(SolutionProperties) = preSolution
		HideSolutionNode = FALSE
	EndGlobalSection
	GlobalSection(ExtensibilityGlobals) = postSolution
		SolutionGuid = {5D95F459-6B60-4824-B568-B0C5744A4A38}
	EndGlobalSection
EndGlobal
