
Microsoft Visual Studio Solution File, Format Version 12.00
# Visual Studio Version 17
VisualStudioVersion = 17.4.33110.190
MinimumVisualStudioVersion = 10.0.40219.1
Project("{9A19103F-16F7-4668-BE54-9A1E7A4F7556}") = "Affärslager", "Affärslager\Affärslager.csproj", "{51A0FA23-1447-4740-9BE8-F6254AD1F7E3}"
EndProject
Project("{9A19103F-16F7-4668-BE54-9A1E7A4F7556}") = "Datalager", "Datalager\Datalager.csproj", "{CD84F9D6-5D97-40C0-9D9F-DF21DABEDC61}"
EndProject
Project("{9A19103F-16F7-4668-BE54-9A1E7A4F7556}") = "Entiteter", "Entiteter\Entiteter.csproj", "{2FCE49EF-7B8E-45C5-ABF7-5FE7B8D0A3F0}"
EndProject
Project("{FAE04EC0-301F-11D3-BF4B-00C04F79EFBC}") = "Presentationslager", "Presentationslager\Presentationslager.csproj", "{70AB4830-A905-4EEB-AE28-8C56C327C5F8}"
EndProject
Global
	GlobalSection(SolutionConfigurationPlatforms) = preSolution
		Debug|Any CPU = Debug|Any CPU
		Release|Any CPU = Release|Any CPU
	EndGlobalSection
	GlobalSection(ProjectConfigurationPlatforms) = postSolution
		{51A0FA23-1447-4740-9BE8-F6254AD1F7E3}.Debug|Any CPU.ActiveCfg = Debug|Any CPU
		{51A0FA23-1447-4740-9BE8-F6254AD1F7E3}.Debug|Any CPU.Build.0 = Debug|Any CPU
		{51A0FA23-1447-4740-9BE8-F6254AD1F7E3}.Release|Any CPU.ActiveCfg = Release|Any CPU
		{51A0FA23-1447-4740-9BE8-F6254AD1F7E3}.Release|Any CPU.Build.0 = Release|Any CPU
		{CD84F9D6-5D97-40C0-9D9F-DF21DABEDC61}.Debug|Any CPU.ActiveCfg = Debug|Any CPU
		{CD84F9D6-5D97-40C0-9D9F-DF21DABEDC61}.Debug|Any CPU.Build.0 = Debug|Any CPU
		{CD84F9D6-5D97-40C0-9D9F-DF21DABEDC61}.Release|Any CPU.ActiveCfg = Release|Any CPU
		{CD84F9D6-5D97-40C0-9D9F-DF21DABEDC61}.Release|Any CPU.Build.0 = Release|Any CPU
		{2FCE49EF-7B8E-45C5-ABF7-5FE7B8D0A3F0}.Debug|Any CPU.ActiveCfg = Debug|Any CPU
		{2FCE49EF-7B8E-45C5-ABF7-5FE7B8D0A3F0}.Debug|Any CPU.Build.0 = Debug|Any CPU
		{2FCE49EF-7B8E-45C5-ABF7-5FE7B8D0A3F0}.Release|Any CPU.ActiveCfg = Release|Any CPU
		{2FCE49EF-7B8E-45C5-ABF7-5FE7B8D0A3F0}.Release|Any CPU.Build.0 = Release|Any CPU
		{70AB4830-A905-4EEB-AE28-8C56C327C5F8}.Debug|Any CPU.ActiveCfg = Debug|Any CPU
		{70AB4830-A905-4EEB-AE28-8C56C327C5F8}.Debug|Any CPU.Build.0 = Debug|Any CPU
		{70AB4830-A905-4EEB-AE28-8C56C327C5F8}.Release|Any CPU.ActiveCfg = Release|Any CPU
		{70AB4830-A905-4EEB-AE28-8C56C327C5F8}.Release|Any CPU.Build.0 = Release|Any CPU
	EndGlobalSection
	GlobalSection(SolutionProperties) = preSolution
		HideSolutionNode = FALSE
	EndGlobalSection
	GlobalSection(ExtensibilityGlobals) = postSolution
		SolutionGuid = {5D95F459-6B60-4824-B568-B0C5744A4A38}
	EndGlobalSection
EndGlobal
